
Microsoft Visual Studio Solution File, Format Version 12.00
# Visual Studio Version 17
VisualStudioVersion = 17.8.34309.116
MinimumVisualStudioVersion = 10.0.40219.1
Project("{2150E333-8FDC-42A3-9474-1A3956D46DE8}") = "Source", "Source", "{67F2F730-E243-40C0-B1CC-4DC1755D68A0}"
EndProject
Project("{2150E333-8FDC-42A3-9474-1A3956D46DE8}") = "Backend", "Backend", "{9385238E-7FA6-4D85-A661-6525B907FA81}"
EndProject
Project("{2150E333-8FDC-42A3-9474-1A3956D46DE8}") = "Platforms", "Platforms", "{064B0E32-A754-4C9E-883D-0D2A5330FC48}"
EndProject
Project("{2150E333-8FDC-42A3-9474-1A3956D46DE8}") = "Tests", "Tests", "{B9F2B07C-3B8C-45F8-87F0-5637DCC9CB71}"
EndProject
Project("{9A19103F-16F7-4668-BE54-9A1E7A4F7556}") = "I4Gerencia", "I4Gerencia\I4Gerencia.csproj", "{68F95BBE-23D3-4D53-BD3F-0C43D1155B09}"
EndProject
Project("{9A19103F-16F7-4668-BE54-9A1E7A4F7556}") = "I4Gerencia.Tests", "I4Gerencia.Tests\I4Gerencia.Tests.csproj", "{BBD774F5-2AB6-4AEB-898D-019D35C6633F}"
EndProject
Project("{9A19103F-16F7-4668-BE54-9A1E7A4F7556}") = "I4Gerencia.UITests", "I4Gerencia.UITests\I4Gerencia.UITests.csproj", "{442E23A5-8E72-480E-B430-1342FB62BF7A}"
EndProject
Project("{9A19103F-16F7-4668-BE54-9A1E7A4F7556}") = "I4Gerencia.Shared", "I4Gerencia.Shared\I4Gerencia.Shared.csproj", "{57DD0008-A5A1-4B06-84A9-25A519AD654C}"
EndProject
Project("{9A19103F-16F7-4668-BE54-9A1E7A4F7556}") = "I4Gerencia.Mobile", "I4Gerencia.Mobile\I4Gerencia.Mobile.csproj", "{FDEC9253-3EAB-487E-9CF9-40B9B2EBB8B1}"
EndProject
Project("{9A19103F-16F7-4668-BE54-9A1E7A4F7556}") = "I4Gerencia.Windows", "I4Gerencia.Windows\I4Gerencia.Windows.csproj", "{EE2176C4-CD66-42F3-825B-3BBF8A3332A2}"
EndProject
Project("{9A19103F-16F7-4668-BE54-9A1E7A4F7556}") = "I4Gerencia.Wasm", "I4Gerencia.Wasm\I4Gerencia.Wasm.csproj", "{9F8B9C03-A06C-4784-81D5-6C6FB8434F3C}"
EndProject
Project("{9A19103F-16F7-4668-BE54-9A1E7A4F7556}") = "I4Gerencia.Skia.Wpf", "I4Gerencia.Skia.WPF\I4Gerencia.Skia.Wpf.csproj", "{BF8DD33F-0EC7-4911-B501-8AE5CCF33B91}"
EndProject
Project("{9A19103F-16F7-4668-BE54-9A1E7A4F7556}") = "I4Gerencia.Server", "I4Gerencia.Server\I4Gerencia.Server.csproj", "{3D127ED9-09A8-4977-AF7C-D49CF1E22275}"
EndProject
Project("{2150E333-8FDC-42A3-9474-1A3956D46DE8}") = "Solution Items", "Solution Items", "{E4574BAC-A2AC-4145-84AE-699CD34F542B}"
	ProjectSection(SolutionItems) = preProject
		.gitignore = .gitignore
		Directory.Build.props = Directory.Build.props
		Directory.Build.targets = Directory.Build.targets
		solution-config.props.sample = solution-config.props.sample
	EndProjectSection
EndProject
Project("{2150E333-8FDC-42A3-9474-1A3956D46DE8}") = "Kernel", "Kernel", "{516504A2-FA59-412C-9717-4FA4C1FF350E}"
EndProject
Project("{9A19103F-16F7-4668-BE54-9A1E7A4F7556}") = "I4Kernel", "D:\insys4-vs\I4Mobil\I4KernelNet8\I4Kernel\I4Kernel.csproj", "{D85E1636-F6E5-4875-ABA4-087324CF9376}"
EndProject
Project("{9A19103F-16F7-4668-BE54-9A1E7A4F7556}") = "I4SQLServices", "D:\insys4-vs\I4Mobil\I4KernelNet8\I4SQLServices\I4SQLServices.csproj", "{B31C5AAE-8BA6-432B-B32F-A8BA4FD8D3B0}"
EndProject
Global
	GlobalSection(SolutionConfigurationPlatforms) = preSolution
		Debug|Any CPU = Debug|Any CPU
		Debug|arm64 = Debug|arm64
		Debug|x64 = Debug|x64
		Debug|x86 = Debug|x86
		Release|Any CPU = Release|Any CPU
		Release|arm64 = Release|arm64
		Release|x64 = Release|x64
		Release|x86 = Release|x86
	EndGlobalSection
	GlobalSection(ProjectConfigurationPlatforms) = postSolution
		{68F95BBE-23D3-4D53-BD3F-0C43D1155B09}.Debug|Any CPU.ActiveCfg = Debug|Any CPU
		{68F95BBE-23D3-4D53-BD3F-0C43D1155B09}.Debug|Any CPU.Build.0 = Debug|Any CPU
		{68F95BBE-23D3-4D53-BD3F-0C43D1155B09}.Debug|arm64.ActiveCfg = Debug|Any CPU
		{68F95BBE-23D3-4D53-BD3F-0C43D1155B09}.Debug|arm64.Build.0 = Debug|Any CPU
		{68F95BBE-23D3-4D53-BD3F-0C43D1155B09}.Debug|x64.ActiveCfg = Debug|Any CPU
		{68F95BBE-23D3-4D53-BD3F-0C43D1155B09}.Debug|x64.Build.0 = Debug|Any CPU
		{68F95BBE-23D3-4D53-BD3F-0C43D1155B09}.Debug|x86.ActiveCfg = Debug|Any CPU
		{68F95BBE-23D3-4D53-BD3F-0C43D1155B09}.Debug|x86.Build.0 = Debug|Any CPU
		{68F95BBE-23D3-4D53-BD3F-0C43D1155B09}.Release|Any CPU.ActiveCfg = Release|Any CPU
		{68F95BBE-23D3-4D53-BD3F-0C43D1155B09}.Release|Any CPU.Build.0 = Release|Any CPU
		{68F95BBE-23D3-4D53-BD3F-0C43D1155B09}.Release|arm64.ActiveCfg = Release|Any CPU
		{68F95BBE-23D3-4D53-BD3F-0C43D1155B09}.Release|arm64.Build.0 = Release|Any CPU
		{68F95BBE-23D3-4D53-BD3F-0C43D1155B09}.Release|x64.ActiveCfg = Release|Any CPU
		{68F95BBE-23D3-4D53-BD3F-0C43D1155B09}.Release|x64.Build.0 = Release|Any CPU
		{68F95BBE-23D3-4D53-BD3F-0C43D1155B09}.Release|x86.ActiveCfg = Release|Any CPU
		{68F95BBE-23D3-4D53-BD3F-0C43D1155B09}.Release|x86.Build.0 = Release|Any CPU
		{BBD774F5-2AB6-4AEB-898D-019D35C6633F}.Debug|Any CPU.ActiveCfg = Debug|Any CPU
		{BBD774F5-2AB6-4AEB-898D-019D35C6633F}.Debug|arm64.ActiveCfg = Debug|Any CPU
		{BBD774F5-2AB6-4AEB-898D-019D35C6633F}.Debug|arm64.Build.0 = Debug|Any CPU
		{BBD774F5-2AB6-4AEB-898D-019D35C6633F}.Debug|x64.ActiveCfg = Debug|Any CPU
		{BBD774F5-2AB6-4AEB-898D-019D35C6633F}.Debug|x64.Build.0 = Debug|Any CPU
		{BBD774F5-2AB6-4AEB-898D-019D35C6633F}.Debug|x86.ActiveCfg = Debug|Any CPU
		{BBD774F5-2AB6-4AEB-898D-019D35C6633F}.Debug|x86.Build.0 = Debug|Any CPU
		{BBD774F5-2AB6-4AEB-898D-019D35C6633F}.Release|Any CPU.ActiveCfg = Release|Any CPU
		{BBD774F5-2AB6-4AEB-898D-019D35C6633F}.Release|Any CPU.Build.0 = Release|Any CPU
		{BBD774F5-2AB6-4AEB-898D-019D35C6633F}.Release|arm64.ActiveCfg = Release|Any CPU
		{BBD774F5-2AB6-4AEB-898D-019D35C6633F}.Release|arm64.Build.0 = Release|Any CPU
		{BBD774F5-2AB6-4AEB-898D-019D35C6633F}.Release|x64.ActiveCfg = Release|Any CPU
		{BBD774F5-2AB6-4AEB-898D-019D35C6633F}.Release|x64.Build.0 = Release|Any CPU
		{BBD774F5-2AB6-4AEB-898D-019D35C6633F}.Release|x86.ActiveCfg = Release|Any CPU
		{BBD774F5-2AB6-4AEB-898D-019D35C6633F}.Release|x86.Build.0 = Release|Any CPU
		{442E23A5-8E72-480E-B430-1342FB62BF7A}.Debug|Any CPU.ActiveCfg = Debug|Any CPU
		{442E23A5-8E72-480E-B430-1342FB62BF7A}.Debug|arm64.ActiveCfg = Debug|Any CPU
		{442E23A5-8E72-480E-B430-1342FB62BF7A}.Debug|arm64.Build.0 = Debug|Any CPU
		{442E23A5-8E72-480E-B430-1342FB62BF7A}.Debug|x64.ActiveCfg = Debug|Any CPU
		{442E23A5-8E72-480E-B430-1342FB62BF7A}.Debug|x64.Build.0 = Debug|Any CPU
		{442E23A5-8E72-480E-B430-1342FB62BF7A}.Debug|x86.ActiveCfg = Debug|Any CPU
		{442E23A5-8E72-480E-B430-1342FB62BF7A}.Debug|x86.Build.0 = Debug|Any CPU
		{442E23A5-8E72-480E-B430-1342FB62BF7A}.Release|Any CPU.ActiveCfg = Release|Any CPU
		{442E23A5-8E72-480E-B430-1342FB62BF7A}.Release|Any CPU.Build.0 = Release|Any CPU
		{442E23A5-8E72-480E-B430-1342FB62BF7A}.Release|arm64.ActiveCfg = Release|Any CPU
		{442E23A5-8E72-480E-B430-1342FB62BF7A}.Release|arm64.Build.0 = Release|Any CPU
		{442E23A5-8E72-480E-B430-1342FB62BF7A}.Release|x64.ActiveCfg = Release|Any CPU
		{442E23A5-8E72-480E-B430-1342FB62BF7A}.Release|x64.Build.0 = Release|Any CPU
		{442E23A5-8E72-480E-B430-1342FB62BF7A}.Release|x86.ActiveCfg = Release|Any CPU
		{442E23A5-8E72-480E-B430-1342FB62BF7A}.Release|x86.Build.0 = Release|Any CPU
		{57DD0008-A5A1-4B06-84A9-25A519AD654C}.Debug|Any CPU.ActiveCfg = Debug|Any CPU
		{57DD0008-A5A1-4B06-84A9-25A519AD654C}.Debug|Any CPU.Build.0 = Debug|Any CPU
		{57DD0008-A5A1-4B06-84A9-25A519AD654C}.Debug|arm64.ActiveCfg = Debug|Any CPU
		{57DD0008-A5A1-4B06-84A9-25A519AD654C}.Debug|arm64.Build.0 = Debug|Any CPU
		{57DD0008-A5A1-4B06-84A9-25A519AD654C}.Debug|x64.ActiveCfg = Debug|Any CPU
		{57DD0008-A5A1-4B06-84A9-25A519AD654C}.Debug|x64.Build.0 = Debug|Any CPU
		{57DD0008-A5A1-4B06-84A9-25A519AD654C}.Debug|x86.ActiveCfg = Debug|Any CPU
		{57DD0008-A5A1-4B06-84A9-25A519AD654C}.Debug|x86.Build.0 = Debug|Any CPU
		{57DD0008-A5A1-4B06-84A9-25A519AD654C}.Release|Any CPU.ActiveCfg = Release|Any CPU
		{57DD0008-A5A1-4B06-84A9-25A519AD654C}.Release|Any CPU.Build.0 = Release|Any CPU
		{57DD0008-A5A1-4B06-84A9-25A519AD654C}.Release|arm64.ActiveCfg = Release|Any CPU
		{57DD0008-A5A1-4B06-84A9-25A519AD654C}.Release|arm64.Build.0 = Release|Any CPU
		{57DD0008-A5A1-4B06-84A9-25A519AD654C}.Release|x64.ActiveCfg = Release|Any CPU
		{57DD0008-A5A1-4B06-84A9-25A519AD654C}.Release|x64.Build.0 = Release|Any CPU
		{57DD0008-A5A1-4B06-84A9-25A519AD654C}.Release|x86.ActiveCfg = Release|Any CPU
		{57DD0008-A5A1-4B06-84A9-25A519AD654C}.Release|x86.Build.0 = Release|Any CPU
		{FDEC9253-3EAB-487E-9CF9-40B9B2EBB8B1}.Debug|Any CPU.ActiveCfg = Debug|Any CPU
		{FDEC9253-3EAB-487E-9CF9-40B9B2EBB8B1}.Debug|Any CPU.Deploy.0 = Debug|Any CPU
		{FDEC9253-3EAB-487E-9CF9-40B9B2EBB8B1}.Debug|arm64.ActiveCfg = Debug|Any CPU
		{FDEC9253-3EAB-487E-9CF9-40B9B2EBB8B1}.Debug|arm64.Build.0 = Debug|Any CPU
		{FDEC9253-3EAB-487E-9CF9-40B9B2EBB8B1}.Debug|arm64.Deploy.0 = Debug|Any CPU
		{FDEC9253-3EAB-487E-9CF9-40B9B2EBB8B1}.Debug|x64.ActiveCfg = Debug|Any CPU
		{FDEC9253-3EAB-487E-9CF9-40B9B2EBB8B1}.Debug|x64.Build.0 = Debug|Any CPU
		{FDEC9253-3EAB-487E-9CF9-40B9B2EBB8B1}.Debug|x64.Deploy.0 = Debug|Any CPU
		{FDEC9253-3EAB-487E-9CF9-40B9B2EBB8B1}.Debug|x86.ActiveCfg = Debug|Any CPU
		{FDEC9253-3EAB-487E-9CF9-40B9B2EBB8B1}.Debug|x86.Build.0 = Debug|Any CPU
		{FDEC9253-3EAB-487E-9CF9-40B9B2EBB8B1}.Debug|x86.Deploy.0 = Debug|Any CPU
		{FDEC9253-3EAB-487E-9CF9-40B9B2EBB8B1}.Release|Any CPU.ActiveCfg = Release|Any CPU
		{FDEC9253-3EAB-487E-9CF9-40B9B2EBB8B1}.Release|Any CPU.Build.0 = Release|Any CPU
		{FDEC9253-3EAB-487E-9CF9-40B9B2EBB8B1}.Release|Any CPU.Deploy.0 = Release|Any CPU
		{FDEC9253-3EAB-487E-9CF9-40B9B2EBB8B1}.Release|arm64.ActiveCfg = Release|Any CPU
		{FDEC9253-3EAB-487E-9CF9-40B9B2EBB8B1}.Release|arm64.Build.0 = Release|Any CPU
		{FDEC9253-3EAB-487E-9CF9-40B9B2EBB8B1}.Release|arm64.Deploy.0 = Release|Any CPU
		{FDEC9253-3EAB-487E-9CF9-40B9B2EBB8B1}.Release|x64.ActiveCfg = Release|Any CPU
		{FDEC9253-3EAB-487E-9CF9-40B9B2EBB8B1}.Release|x64.Build.0 = Release|Any CPU
		{FDEC9253-3EAB-487E-9CF9-40B9B2EBB8B1}.Release|x64.Deploy.0 = Release|Any CPU
		{FDEC9253-3EAB-487E-9CF9-40B9B2EBB8B1}.Release|x86.ActiveCfg = Release|Any CPU
		{FDEC9253-3EAB-487E-9CF9-40B9B2EBB8B1}.Release|x86.Build.0 = Release|Any CPU
		{FDEC9253-3EAB-487E-9CF9-40B9B2EBB8B1}.Release|x86.Deploy.0 = Release|Any CPU
		{EE2176C4-CD66-42F3-825B-3BBF8A3332A2}.Debug|Any CPU.ActiveCfg = Debug|x64
		{EE2176C4-CD66-42F3-825B-3BBF8A3332A2}.Debug|Any CPU.Build.0 = Debug|x64
		{EE2176C4-CD66-42F3-825B-3BBF8A3332A2}.Debug|Any CPU.Deploy.0 = Debug|x64
		{EE2176C4-CD66-42F3-825B-3BBF8A3332A2}.Debug|arm64.ActiveCfg = Debug|arm64
		{EE2176C4-CD66-42F3-825B-3BBF8A3332A2}.Debug|arm64.Build.0 = Debug|arm64
		{EE2176C4-CD66-42F3-825B-3BBF8A3332A2}.Debug|arm64.Deploy.0 = Debug|arm64
		{EE2176C4-CD66-42F3-825B-3BBF8A3332A2}.Debug|x64.ActiveCfg = Debug|x64
		{EE2176C4-CD66-42F3-825B-3BBF8A3332A2}.Debug|x64.Build.0 = Debug|x64
		{EE2176C4-CD66-42F3-825B-3BBF8A3332A2}.Debug|x64.Deploy.0 = Debug|x64
		{EE2176C4-CD66-42F3-825B-3BBF8A3332A2}.Debug|x86.ActiveCfg = Debug|x86
		{EE2176C4-CD66-42F3-825B-3BBF8A3332A2}.Debug|x86.Build.0 = Debug|x86
		{EE2176C4-CD66-42F3-825B-3BBF8A3332A2}.Debug|x86.Deploy.0 = Debug|x86
		{EE2176C4-CD66-42F3-825B-3BBF8A3332A2}.Release|Any CPU.ActiveCfg = Release|x64
		{EE2176C4-CD66-42F3-825B-3BBF8A3332A2}.Release|Any CPU.Build.0 = Release|x64
		{EE2176C4-CD66-42F3-825B-3BBF8A3332A2}.Release|Any CPU.Deploy.0 = Release|x64
		{EE2176C4-CD66-42F3-825B-3BBF8A3332A2}.Release|arm64.ActiveCfg = Release|arm64
		{EE2176C4-CD66-42F3-825B-3BBF8A3332A2}.Release|arm64.Build.0 = Release|arm64
		{EE2176C4-CD66-42F3-825B-3BBF8A3332A2}.Release|arm64.Deploy.0 = Release|arm64
		{EE2176C4-CD66-42F3-825B-3BBF8A3332A2}.Release|x64.ActiveCfg = Release|x64
		{EE2176C4-CD66-42F3-825B-3BBF8A3332A2}.Release|x64.Build.0 = Release|x64
		{EE2176C4-CD66-42F3-825B-3BBF8A3332A2}.Release|x64.Deploy.0 = Release|x64
		{EE2176C4-CD66-42F3-825B-3BBF8A3332A2}.Release|x86.ActiveCfg = Release|x86
		{EE2176C4-CD66-42F3-825B-3BBF8A3332A2}.Release|x86.Build.0 = Release|x86
		{EE2176C4-CD66-42F3-825B-3BBF8A3332A2}.Release|x86.Deploy.0 = Release|x86
		{9F8B9C03-A06C-4784-81D5-6C6FB8434F3C}.Debug|Any CPU.ActiveCfg = Debug|Any CPU
		{9F8B9C03-A06C-4784-81D5-6C6FB8434F3C}.Debug|arm64.ActiveCfg = Debug|Any CPU
		{9F8B9C03-A06C-4784-81D5-6C6FB8434F3C}.Debug|arm64.Build.0 = Debug|Any CPU
		{9F8B9C03-A06C-4784-81D5-6C6FB8434F3C}.Debug|x64.ActiveCfg = Debug|Any CPU
		{9F8B9C03-A06C-4784-81D5-6C6FB8434F3C}.Debug|x64.Build.0 = Debug|Any CPU
		{9F8B9C03-A06C-4784-81D5-6C6FB8434F3C}.Debug|x86.ActiveCfg = Debug|Any CPU
		{9F8B9C03-A06C-4784-81D5-6C6FB8434F3C}.Debug|x86.Build.0 = Debug|Any CPU
		{9F8B9C03-A06C-4784-81D5-6C6FB8434F3C}.Release|Any CPU.ActiveCfg = Release|Any CPU
		{9F8B9C03-A06C-4784-81D5-6C6FB8434F3C}.Release|Any CPU.Build.0 = Release|Any CPU
		{9F8B9C03-A06C-4784-81D5-6C6FB8434F3C}.Release|arm64.ActiveCfg = Release|Any CPU
		{9F8B9C03-A06C-4784-81D5-6C6FB8434F3C}.Release|arm64.Build.0 = Release|Any CPU
		{9F8B9C03-A06C-4784-81D5-6C6FB8434F3C}.Release|x64.ActiveCfg = Release|Any CPU
		{9F8B9C03-A06C-4784-81D5-6C6FB8434F3C}.Release|x64.Build.0 = Release|Any CPU
		{9F8B9C03-A06C-4784-81D5-6C6FB8434F3C}.Release|x86.ActiveCfg = Release|Any CPU
		{9F8B9C03-A06C-4784-81D5-6C6FB8434F3C}.Release|x86.Build.0 = Release|Any CPU
		{BF8DD33F-0EC7-4911-B501-8AE5CCF33B91}.Debug|Any CPU.ActiveCfg = Debug|Any CPU
		{BF8DD33F-0EC7-4911-B501-8AE5CCF33B91}.Debug|arm64.ActiveCfg = Debug|Any CPU
		{BF8DD33F-0EC7-4911-B501-8AE5CCF33B91}.Debug|arm64.Build.0 = Debug|Any CPU
		{BF8DD33F-0EC7-4911-B501-8AE5CCF33B91}.Debug|x64.ActiveCfg = Debug|Any CPU
		{BF8DD33F-0EC7-4911-B501-8AE5CCF33B91}.Debug|x64.Build.0 = Debug|Any CPU
		{BF8DD33F-0EC7-4911-B501-8AE5CCF33B91}.Debug|x86.ActiveCfg = Debug|Any CPU
		{BF8DD33F-0EC7-4911-B501-8AE5CCF33B91}.Debug|x86.Build.0 = Debug|Any CPU
		{BF8DD33F-0EC7-4911-B501-8AE5CCF33B91}.Release|Any CPU.ActiveCfg = Release|Any CPU
		{BF8DD33F-0EC7-4911-B501-8AE5CCF33B91}.Release|Any CPU.Build.0 = Release|Any CPU
		{BF8DD33F-0EC7-4911-B501-8AE5CCF33B91}.Release|arm64.ActiveCfg = Release|Any CPU
		{BF8DD33F-0EC7-4911-B501-8AE5CCF33B91}.Release|arm64.Build.0 = Release|Any CPU
		{BF8DD33F-0EC7-4911-B501-8AE5CCF33B91}.Release|x64.ActiveCfg = Release|Any CPU
		{BF8DD33F-0EC7-4911-B501-8AE5CCF33B91}.Release|x64.Build.0 = Release|Any CPU
		{BF8DD33F-0EC7-4911-B501-8AE5CCF33B91}.Release|x86.ActiveCfg = Release|Any CPU
		{BF8DD33F-0EC7-4911-B501-8AE5CCF33B91}.Release|x86.Build.0 = Release|Any CPU
		{3D127ED9-09A8-4977-AF7C-D49CF1E22275}.Debug|Any CPU.ActiveCfg = Debug|Any CPU
		{3D127ED9-09A8-4977-AF7C-D49CF1E22275}.Debug|arm64.ActiveCfg = Debug|Any CPU
		{3D127ED9-09A8-4977-AF7C-D49CF1E22275}.Debug|arm64.Build.0 = Debug|Any CPU
		{3D127ED9-09A8-4977-AF7C-D49CF1E22275}.Debug|x64.ActiveCfg = Debug|Any CPU
		{3D127ED9-09A8-4977-AF7C-D49CF1E22275}.Debug|x64.Build.0 = Debug|Any CPU
		{3D127ED9-09A8-4977-AF7C-D49CF1E22275}.Debug|x86.ActiveCfg = Debug|Any CPU
		{3D127ED9-09A8-4977-AF7C-D49CF1E22275}.Debug|x86.Build.0 = Debug|Any CPU
		{3D127ED9-09A8-4977-AF7C-D49CF1E22275}.Release|Any CPU.ActiveCfg = Release|Any CPU
		{3D127ED9-09A8-4977-AF7C-D49CF1E22275}.Release|Any CPU.Build.0 = Release|Any CPU
		{3D127ED9-09A8-4977-AF7C-D49CF1E22275}.Release|arm64.ActiveCfg = Release|Any CPU
		{3D127ED9-09A8-4977-AF7C-D49CF1E22275}.Release|arm64.Build.0 = Release|Any CPU
		{3D127ED9-09A8-4977-AF7C-D49CF1E22275}.Release|x64.ActiveCfg = Release|Any CPU
		{3D127ED9-09A8-4977-AF7C-D49CF1E22275}.Release|x64.Build.0 = Release|Any CPU
		{3D127ED9-09A8-4977-AF7C-D49CF1E22275}.Release|x86.ActiveCfg = Release|Any CPU
		{3D127ED9-09A8-4977-AF7C-D49CF1E22275}.Release|x86.Build.0 = Release|Any CPU
		{D85E1636-F6E5-4875-ABA4-087324CF9376}.Debug|Any CPU.ActiveCfg = Debug|Any CPU
		{D85E1636-F6E5-4875-ABA4-087324CF9376}.Debug|Any CPU.Build.0 = Debug|Any CPU
		{D85E1636-F6E5-4875-ABA4-087324CF9376}.Debug|arm64.ActiveCfg = Debug|Any CPU
		{D85E1636-F6E5-4875-ABA4-087324CF9376}.Debug|arm64.Build.0 = Debug|Any CPU
		{D85E1636-F6E5-4875-ABA4-087324CF9376}.Debug|x64.ActiveCfg = Debug|Any CPU
		{D85E1636-F6E5-4875-ABA4-087324CF9376}.Debug|x64.Build.0 = Debug|Any CPU
		{D85E1636-F6E5-4875-ABA4-087324CF9376}.Debug|x86.ActiveCfg = Debug|Any CPU
		{D85E1636-F6E5-4875-ABA4-087324CF9376}.Debug|x86.Build.0 = Debug|Any CPU
		{D85E1636-F6E5-4875-ABA4-087324CF9376}.Release|Any CPU.ActiveCfg = Release|Any CPU
		{D85E1636-F6E5-4875-ABA4-087324CF9376}.Release|Any CPU.Build.0 = Release|Any CPU
		{D85E1636-F6E5-4875-ABA4-087324CF9376}.Release|arm64.ActiveCfg = Release|Any CPU
		{D85E1636-F6E5-4875-ABA4-087324CF9376}.Release|arm64.Build.0 = Release|Any CPU
		{D85E1636-F6E5-4875-ABA4-087324CF9376}.Release|x64.ActiveCfg = Release|Any CPU
		{D85E1636-F6E5-4875-ABA4-087324CF9376}.Release|x64.Build.0 = Release|Any CPU
		{D85E1636-F6E5-4875-ABA4-087324CF9376}.Release|x86.ActiveCfg = Release|Any CPU
		{D85E1636-F6E5-4875-ABA4-087324CF9376}.Release|x86.Build.0 = Release|Any CPU
		{B31C5AAE-8BA6-432B-B32F-A8BA4FD8D3B0}.Debug|Any CPU.ActiveCfg = Debug|Any CPU
		{B31C5AAE-8BA6-432B-B32F-A8BA4FD8D3B0}.Debug|Any CPU.Build.0 = Debug|Any CPU
		{B31C5AAE-8BA6-432B-B32F-A8BA4FD8D3B0}.Debug|arm64.ActiveCfg = Debug|Any CPU
		{B31C5AAE-8BA6-432B-B32F-A8BA4FD8D3B0}.Debug|arm64.Build.0 = Debug|Any CPU
		{B31C5AAE-8BA6-432B-B32F-A8BA4FD8D3B0}.Debug|x64.ActiveCfg = Debug|Any CPU
		{B31C5AAE-8BA6-432B-B32F-A8BA4FD8D3B0}.Debug|x64.Build.0 = Debug|Any CPU
		{B31C5AAE-8BA6-432B-B32F-A8BA4FD8D3B0}.Debug|x86.ActiveCfg = Debug|Any CPU
		{B31C5AAE-8BA6-432B-B32F-A8BA4FD8D3B0}.Debug|x86.Build.0 = Debug|Any CPU
		{B31C5AAE-8BA6-432B-B32F-A8BA4FD8D3B0}.Release|Any CPU.ActiveCfg = Release|Any CPU
		{B31C5AAE-8BA6-432B-B32F-A8BA4FD8D3B0}.Release|Any CPU.Build.0 = Release|Any CPU
		{B31C5AAE-8BA6-432B-B32F-A8BA4FD8D3B0}.Release|arm64.ActiveCfg = Release|Any CPU
		{B31C5AAE-8BA6-432B-B32F-A8BA4FD8D3B0}.Release|arm64.Build.0 = Release|Any CPU
		{B31C5AAE-8BA6-432B-B32F-A8BA4FD8D3B0}.Release|x64.ActiveCfg = Release|Any CPU
		{B31C5AAE-8BA6-432B-B32F-A8BA4FD8D3B0}.Release|x64.Build.0 = Release|Any CPU
		{B31C5AAE-8BA6-432B-B32F-A8BA4FD8D3B0}.Release|x86.ActiveCfg = Release|Any CPU
		{B31C5AAE-8BA6-432B-B32F-A8BA4FD8D3B0}.Release|x86.Build.0 = Release|Any CPU
	EndGlobalSection
	GlobalSection(SolutionProperties) = preSolution
		HideSolutionNode = FALSE
	EndGlobalSection
	GlobalSection(NestedProjects) = preSolution
		{9385238E-7FA6-4D85-A661-6525B907FA81} = {67F2F730-E243-40C0-B1CC-4DC1755D68A0}
		{064B0E32-A754-4C9E-883D-0D2A5330FC48} = {67F2F730-E243-40C0-B1CC-4DC1755D68A0}
		{68F95BBE-23D3-4D53-BD3F-0C43D1155B09} = {67F2F730-E243-40C0-B1CC-4DC1755D68A0}
		{BBD774F5-2AB6-4AEB-898D-019D35C6633F} = {B9F2B07C-3B8C-45F8-87F0-5637DCC9CB71}
		{442E23A5-8E72-480E-B430-1342FB62BF7A} = {B9F2B07C-3B8C-45F8-87F0-5637DCC9CB71}
		{57DD0008-A5A1-4B06-84A9-25A519AD654C} = {064B0E32-A754-4C9E-883D-0D2A5330FC48}
		{FDEC9253-3EAB-487E-9CF9-40B9B2EBB8B1} = {064B0E32-A754-4C9E-883D-0D2A5330FC48}
		{EE2176C4-CD66-42F3-825B-3BBF8A3332A2} = {064B0E32-A754-4C9E-883D-0D2A5330FC48}
		{9F8B9C03-A06C-4784-81D5-6C6FB8434F3C} = {064B0E32-A754-4C9E-883D-0D2A5330FC48}
		{BF8DD33F-0EC7-4911-B501-8AE5CCF33B91} = {064B0E32-A754-4C9E-883D-0D2A5330FC48}
		{3D127ED9-09A8-4977-AF7C-D49CF1E22275} = {9385238E-7FA6-4D85-A661-6525B907FA81}
		{516504A2-FA59-412C-9717-4FA4C1FF350E} = {67F2F730-E243-40C0-B1CC-4DC1755D68A0}
		{D85E1636-F6E5-4875-ABA4-087324CF9376} = {516504A2-FA59-412C-9717-4FA4C1FF350E}
		{B31C5AAE-8BA6-432B-B32F-A8BA4FD8D3B0} = {516504A2-FA59-412C-9717-4FA4C1FF350E}
	EndGlobalSection
	GlobalSection(ExtensibilityGlobals) = postSolution
		SolutionGuid = {DD42F4D9-C23F-4979-90AA-1D6EBAC98589}
	EndGlobalSection
EndGlobal
