
Microsoft Visual Studio Solution File, Format Version 12.00
# Visual Studio Version 17
VisualStudioVersion = 17.8.34309.116
MinimumVisualStudioVersion = 10.0.40219.1
Project("{2150E333-8FDC-42A3-9474-1A3956D46DE8}") = "Source", "Source", "{7EC1D135-C55A-43F0-BEDF-52E1AE1738B7}"
EndProject
Project("{2150E333-8FDC-42A3-9474-1A3956D46DE8}") = "Backend", "Backend", "{CBA9A4E5-F3E5-40E9-8C05-C018F3F5639E}"
EndProject
Project("{2150E333-8FDC-42A3-9474-1A3956D46DE8}") = "Platforms", "Platforms", "{9D4E2423-E8F2-4645-B3C7-8C0853016E08}"
EndProject
Project("{2150E333-8FDC-42A3-9474-1A3956D46DE8}") = "Tests", "Tests", "{53B2203D-B411-49D7-A2F1-82F481C20F6A}"
EndProject
Project("{9A19103F-16F7-4668-BE54-9A1E7A4F7556}") = "I4Gerencia", "I4Gerencia\I4Gerencia.csproj", "{6D91633D-2DC0-4840-BA57-8ED662BEF617}"
EndProject
Project("{9A19103F-16F7-4668-BE54-9A1E7A4F7556}") = "I4Gerencia.Tests", "I4Gerencia.Tests\I4Gerencia.Tests.csproj", "{59577C6B-0161-4ECF-BC41-5F5DA0D925D2}"
EndProject
Project("{9A19103F-16F7-4668-BE54-9A1E7A4F7556}") = "I4Gerencia.UITests", "I4Gerencia.UITests\I4Gerencia.UITests.csproj", "{89D0E572-C7BD-420E-B3F9-DEC359A2AEB7}"
EndProject
Project("{9A19103F-16F7-4668-BE54-9A1E7A4F7556}") = "I4Gerencia.Base", "I4Gerencia.Base\I4Gerencia.Base.csproj", "{C285648C-F2C1-4F8A-B03E-F45D5D000622}"
EndProject
Project("{9A19103F-16F7-4668-BE54-9A1E7A4F7556}") = "I4Gerencia.Mobile", "I4Gerencia.Mobile\I4Gerencia.Mobile.csproj", "{1C7E3465-49D1-4382-996C-173269C5320D}"
EndProject
Project("{9A19103F-16F7-4668-BE54-9A1E7A4F7556}") = "I4Gerencia.Windows", "I4Gerencia.Windows\I4Gerencia.Windows.csproj", "{BAE3F14B-4069-405D-8A1D-76320DB323C4}"
EndProject
Project("{9A19103F-16F7-4668-BE54-9A1E7A4F7556}") = "I4Gerencia.Wasm", "I4Gerencia.Wasm\I4Gerencia.Wasm.csproj", "{7299517A-789F-47C9-BDA6-2C42C00B835F}"
EndProject
Project("{9A19103F-16F7-4668-BE54-9A1E7A4F7556}") = "I4Gerencia.Skia.Wpf", "I4Gerencia.Skia.WPF\I4Gerencia.Skia.Wpf.csproj", "{9E7FCCD7-3378-4D31-9C98-C97CA2CB0D67}"
EndProject
Project("{9A19103F-16F7-4668-BE54-9A1E7A4F7556}") = "I4Gerencia.Server", "I4Gerencia.Server\I4Gerencia.Server.csproj", "{F5215267-25A3-40A9-B054-303A8927FF16}"
EndProject
Project("{2150E333-8FDC-42A3-9474-1A3956D46DE8}") = "Solution Items", "Solution Items", "{0755AD91-A3FA-4F48-998E-09EF55479EAE}"
	ProjectSection(SolutionItems) = preProject
		.gitignore = .gitignore
		Directory.Build.props = Directory.Build.props
		Directory.Build.targets = Directory.Build.targets
		solution-config.props.sample = solution-config.props.sample
	EndProjectSection
EndProject
Project("{2150E333-8FDC-42A3-9474-1A3956D46DE8}") = "Kernel", "Kernel", "{6195B717-F6EC-4ADC-8C01-99000799BAAC}"
EndProject
Project("{9A19103F-16F7-4668-BE54-9A1E7A4F7556}") = "I4SQLServices", "..\I4KernelUno\I4SQLServices\I4SQLServices.csproj", "{4B44093E-0E0F-4225-8A81-647DA39E7A8C}"
EndProject
Project("{9A19103F-16F7-4668-BE54-9A1E7A4F7556}") = "I4Kernel", "..\I4KernelUno\I4Kernel\I4Kernel.csproj", "{80EA1860-211F-418D-8156-71A7FDB2096C}"
EndProject
Project("{9A19103F-16F7-4668-BE54-9A1E7A4F7556}") = "I4Kernel.Skia", "..\I4KernelUno\I4Kernel\I4Kernel.Skia.csproj", "{790D57CC-9ABD-469B-92E3-DB73DB385775}"
EndProject
Project("{9A19103F-16F7-4668-BE54-9A1E7A4F7556}") = "I4Kernel.Wasm", "..\I4KernelUno\I4Kernel\I4Kernel.Wasm.csproj", "{99530865-154E-46FC-A1DE-B78F2E6CAC5D}"
EndProject
Global
	GlobalSection(SolutionConfigurationPlatforms) = preSolution
		Debug|Any CPU = Debug|Any CPU
		Debug|arm64 = Debug|arm64
		Debug|x64 = Debug|x64
		Debug|x86 = Debug|x86
		Release|Any CPU = Release|Any CPU
		Release|arm64 = Release|arm64
		Release|x64 = Release|x64
		Release|x86 = Release|x86
	EndGlobalSection
	GlobalSection(ProjectConfigurationPlatforms) = postSolution
		{6D91633D-2DC0-4840-BA57-8ED662BEF617}.Debug|Any CPU.ActiveCfg = Debug|Any CPU
		{6D91633D-2DC0-4840-BA57-8ED662BEF617}.Debug|Any CPU.Build.0 = Debug|Any CPU
		{6D91633D-2DC0-4840-BA57-8ED662BEF617}.Debug|arm64.ActiveCfg = Debug|Any CPU
		{6D91633D-2DC0-4840-BA57-8ED662BEF617}.Debug|arm64.Build.0 = Debug|Any CPU
		{6D91633D-2DC0-4840-BA57-8ED662BEF617}.Debug|x64.ActiveCfg = Debug|Any CPU
		{6D91633D-2DC0-4840-BA57-8ED662BEF617}.Debug|x64.Build.0 = Debug|Any CPU
		{6D91633D-2DC0-4840-BA57-8ED662BEF617}.Debug|x86.ActiveCfg = Debug|Any CPU
		{6D91633D-2DC0-4840-BA57-8ED662BEF617}.Debug|x86.Build.0 = Debug|Any CPU
		{6D91633D-2DC0-4840-BA57-8ED662BEF617}.Release|Any CPU.ActiveCfg = Release|Any CPU
		{6D91633D-2DC0-4840-BA57-8ED662BEF617}.Release|Any CPU.Build.0 = Release|Any CPU
		{6D91633D-2DC0-4840-BA57-8ED662BEF617}.Release|arm64.ActiveCfg = Release|Any CPU
		{6D91633D-2DC0-4840-BA57-8ED662BEF617}.Release|arm64.Build.0 = Release|Any CPU
		{6D91633D-2DC0-4840-BA57-8ED662BEF617}.Release|x64.ActiveCfg = Release|Any CPU
		{6D91633D-2DC0-4840-BA57-8ED662BEF617}.Release|x64.Build.0 = Release|Any CPU
		{6D91633D-2DC0-4840-BA57-8ED662BEF617}.Release|x86.ActiveCfg = Release|Any CPU
		{6D91633D-2DC0-4840-BA57-8ED662BEF617}.Release|x86.Build.0 = Release|Any CPU
		{59577C6B-0161-4ECF-BC41-5F5DA0D925D2}.Debug|Any CPU.ActiveCfg = Debug|Any CPU
		{59577C6B-0161-4ECF-BC41-5F5DA0D925D2}.Debug|Any CPU.Build.0 = Debug|Any CPU
		{59577C6B-0161-4ECF-BC41-5F5DA0D925D2}.Debug|arm64.ActiveCfg = Debug|Any CPU
		{59577C6B-0161-4ECF-BC41-5F5DA0D925D2}.Debug|arm64.Build.0 = Debug|Any CPU
		{59577C6B-0161-4ECF-BC41-5F5DA0D925D2}.Debug|x64.ActiveCfg = Debug|Any CPU
		{59577C6B-0161-4ECF-BC41-5F5DA0D925D2}.Debug|x64.Build.0 = Debug|Any CPU
		{59577C6B-0161-4ECF-BC41-5F5DA0D925D2}.Debug|x86.ActiveCfg = Debug|Any CPU
		{59577C6B-0161-4ECF-BC41-5F5DA0D925D2}.Debug|x86.Build.0 = Debug|Any CPU
		{59577C6B-0161-4ECF-BC41-5F5DA0D925D2}.Release|Any CPU.ActiveCfg = Release|Any CPU
		{59577C6B-0161-4ECF-BC41-5F5DA0D925D2}.Release|Any CPU.Build.0 = Release|Any CPU
		{59577C6B-0161-4ECF-BC41-5F5DA0D925D2}.Release|arm64.ActiveCfg = Release|Any CPU
		{59577C6B-0161-4ECF-BC41-5F5DA0D925D2}.Release|arm64.Build.0 = Release|Any CPU
		{59577C6B-0161-4ECF-BC41-5F5DA0D925D2}.Release|x64.ActiveCfg = Release|Any CPU
		{59577C6B-0161-4ECF-BC41-5F5DA0D925D2}.Release|x64.Build.0 = Release|Any CPU
		{59577C6B-0161-4ECF-BC41-5F5DA0D925D2}.Release|x86.ActiveCfg = Release|Any CPU
		{59577C6B-0161-4ECF-BC41-5F5DA0D925D2}.Release|x86.Build.0 = Release|Any CPU
		{89D0E572-C7BD-420E-B3F9-DEC359A2AEB7}.Debug|Any CPU.ActiveCfg = Debug|Any CPU
		{89D0E572-C7BD-420E-B3F9-DEC359A2AEB7}.Debug|Any CPU.Build.0 = Debug|Any CPU
		{89D0E572-C7BD-420E-B3F9-DEC359A2AEB7}.Debug|arm64.ActiveCfg = Debug|Any CPU
		{89D0E572-C7BD-420E-B3F9-DEC359A2AEB7}.Debug|arm64.Build.0 = Debug|Any CPU
		{89D0E572-C7BD-420E-B3F9-DEC359A2AEB7}.Debug|x64.ActiveCfg = Debug|Any CPU
		{89D0E572-C7BD-420E-B3F9-DEC359A2AEB7}.Debug|x64.Build.0 = Debug|Any CPU
		{89D0E572-C7BD-420E-B3F9-DEC359A2AEB7}.Debug|x86.ActiveCfg = Debug|Any CPU
		{89D0E572-C7BD-420E-B3F9-DEC359A2AEB7}.Debug|x86.Build.0 = Debug|Any CPU
		{89D0E572-C7BD-420E-B3F9-DEC359A2AEB7}.Release|Any CPU.ActiveCfg = Release|Any CPU
		{89D0E572-C7BD-420E-B3F9-DEC359A2AEB7}.Release|Any CPU.Build.0 = Release|Any CPU
		{89D0E572-C7BD-420E-B3F9-DEC359A2AEB7}.Release|arm64.ActiveCfg = Release|Any CPU
		{89D0E572-C7BD-420E-B3F9-DEC359A2AEB7}.Release|arm64.Build.0 = Release|Any CPU
		{89D0E572-C7BD-420E-B3F9-DEC359A2AEB7}.Release|x64.ActiveCfg = Release|Any CPU
		{89D0E572-C7BD-420E-B3F9-DEC359A2AEB7}.Release|x64.Build.0 = Release|Any CPU
		{89D0E572-C7BD-420E-B3F9-DEC359A2AEB7}.Release|x86.ActiveCfg = Release|Any CPU
		{89D0E572-C7BD-420E-B3F9-DEC359A2AEB7}.Release|x86.Build.0 = Release|Any CPU
		{C285648C-F2C1-4F8A-B03E-F45D5D000622}.Debug|Any CPU.ActiveCfg = Debug|Any CPU
		{C285648C-F2C1-4F8A-B03E-F45D5D000622}.Debug|Any CPU.Build.0 = Debug|Any CPU
		{C285648C-F2C1-4F8A-B03E-F45D5D000622}.Debug|arm64.ActiveCfg = Debug|Any CPU
		{C285648C-F2C1-4F8A-B03E-F45D5D000622}.Debug|arm64.Build.0 = Debug|Any CPU
		{C285648C-F2C1-4F8A-B03E-F45D5D000622}.Debug|x64.ActiveCfg = Debug|Any CPU
		{C285648C-F2C1-4F8A-B03E-F45D5D000622}.Debug|x64.Build.0 = Debug|Any CPU
		{C285648C-F2C1-4F8A-B03E-F45D5D000622}.Debug|x86.ActiveCfg = Debug|Any CPU
		{C285648C-F2C1-4F8A-B03E-F45D5D000622}.Debug|x86.Build.0 = Debug|Any CPU
		{C285648C-F2C1-4F8A-B03E-F45D5D000622}.Release|Any CPU.ActiveCfg = Release|Any CPU
		{C285648C-F2C1-4F8A-B03E-F45D5D000622}.Release|Any CPU.Build.0 = Release|Any CPU
		{C285648C-F2C1-4F8A-B03E-F45D5D000622}.Release|arm64.ActiveCfg = Release|Any CPU
		{C285648C-F2C1-4F8A-B03E-F45D5D000622}.Release|arm64.Build.0 = Release|Any CPU
		{C285648C-F2C1-4F8A-B03E-F45D5D000622}.Release|x64.ActiveCfg = Release|Any CPU
		{C285648C-F2C1-4F8A-B03E-F45D5D000622}.Release|x64.Build.0 = Release|Any CPU
		{C285648C-F2C1-4F8A-B03E-F45D5D000622}.Release|x86.ActiveCfg = Release|Any CPU
		{C285648C-F2C1-4F8A-B03E-F45D5D000622}.Release|x86.Build.0 = Release|Any CPU
		{1C7E3465-49D1-4382-996C-173269C5320D}.Debug|Any CPU.ActiveCfg = Debug|Any CPU
		{1C7E3465-49D1-4382-996C-173269C5320D}.Debug|Any CPU.Build.0 = Debug|Any CPU
		{1C7E3465-49D1-4382-996C-173269C5320D}.Debug|Any CPU.Deploy.0 = Debug|Any CPU
		{1C7E3465-49D1-4382-996C-173269C5320D}.Debug|arm64.ActiveCfg = Debug|Any CPU
		{1C7E3465-49D1-4382-996C-173269C5320D}.Debug|arm64.Build.0 = Debug|Any CPU
		{1C7E3465-49D1-4382-996C-173269C5320D}.Debug|arm64.Deploy.0 = Debug|Any CPU
		{1C7E3465-49D1-4382-996C-173269C5320D}.Debug|x64.ActiveCfg = Debug|Any CPU
		{1C7E3465-49D1-4382-996C-173269C5320D}.Debug|x64.Build.0 = Debug|Any CPU
		{1C7E3465-49D1-4382-996C-173269C5320D}.Debug|x64.Deploy.0 = Debug|Any CPU
		{1C7E3465-49D1-4382-996C-173269C5320D}.Debug|x86.ActiveCfg = Debug|Any CPU
		{1C7E3465-49D1-4382-996C-173269C5320D}.Debug|x86.Deploy.0 = Debug|Any CPU
		{1C7E3465-49D1-4382-996C-173269C5320D}.Release|Any CPU.ActiveCfg = Release|Any CPU
		{1C7E3465-49D1-4382-996C-173269C5320D}.Release|Any CPU.Build.0 = Release|Any CPU
		{1C7E3465-49D1-4382-996C-173269C5320D}.Release|Any CPU.Deploy.0 = Release|Any CPU
		{1C7E3465-49D1-4382-996C-173269C5320D}.Release|arm64.ActiveCfg = Release|Any CPU
		{1C7E3465-49D1-4382-996C-173269C5320D}.Release|arm64.Build.0 = Release|Any CPU
		{1C7E3465-49D1-4382-996C-173269C5320D}.Release|arm64.Deploy.0 = Release|Any CPU
		{1C7E3465-49D1-4382-996C-173269C5320D}.Release|x64.ActiveCfg = Release|Any CPU
		{1C7E3465-49D1-4382-996C-173269C5320D}.Release|x64.Build.0 = Release|Any CPU
		{1C7E3465-49D1-4382-996C-173269C5320D}.Release|x64.Deploy.0 = Release|Any CPU
		{1C7E3465-49D1-4382-996C-173269C5320D}.Release|x86.ActiveCfg = Release|Any CPU
		{1C7E3465-49D1-4382-996C-173269C5320D}.Release|x86.Build.0 = Release|Any CPU
		{1C7E3465-49D1-4382-996C-173269C5320D}.Release|x86.Deploy.0 = Release|Any CPU
		{BAE3F14B-4069-405D-8A1D-76320DB323C4}.Debug|Any CPU.ActiveCfg = Debug|x64
		{BAE3F14B-4069-405D-8A1D-76320DB323C4}.Debug|Any CPU.Build.0 = Debug|x64
		{BAE3F14B-4069-405D-8A1D-76320DB323C4}.Debug|Any CPU.Deploy.0 = Debug|x64
		{BAE3F14B-4069-405D-8A1D-76320DB323C4}.Debug|arm64.ActiveCfg = Debug|arm64
		{BAE3F14B-4069-405D-8A1D-76320DB323C4}.Debug|arm64.Build.0 = Debug|arm64
		{BAE3F14B-4069-405D-8A1D-76320DB323C4}.Debug|arm64.Deploy.0 = Debug|arm64
		{BAE3F14B-4069-405D-8A1D-76320DB323C4}.Debug|x64.ActiveCfg = Debug|x64
		{BAE3F14B-4069-405D-8A1D-76320DB323C4}.Debug|x64.Build.0 = Debug|x64
		{BAE3F14B-4069-405D-8A1D-76320DB323C4}.Debug|x64.Deploy.0 = Debug|x64
		{BAE3F14B-4069-405D-8A1D-76320DB323C4}.Debug|x86.ActiveCfg = Debug|x86
		{BAE3F14B-4069-405D-8A1D-76320DB323C4}.Debug|x86.Build.0 = Debug|x86
		{BAE3F14B-4069-405D-8A1D-76320DB323C4}.Debug|x86.Deploy.0 = Debug|x86
		{BAE3F14B-4069-405D-8A1D-76320DB323C4}.Release|Any CPU.ActiveCfg = Release|x64
		{BAE3F14B-4069-405D-8A1D-76320DB323C4}.Release|Any CPU.Build.0 = Release|x64
		{BAE3F14B-4069-405D-8A1D-76320DB323C4}.Release|Any CPU.Deploy.0 = Release|x64
		{BAE3F14B-4069-405D-8A1D-76320DB323C4}.Release|arm64.ActiveCfg = Release|arm64
		{BAE3F14B-4069-405D-8A1D-76320DB323C4}.Release|arm64.Build.0 = Release|arm64
		{BAE3F14B-4069-405D-8A1D-76320DB323C4}.Release|arm64.Deploy.0 = Release|arm64
		{BAE3F14B-4069-405D-8A1D-76320DB323C4}.Release|x64.ActiveCfg = Release|x64
		{BAE3F14B-4069-405D-8A1D-76320DB323C4}.Release|x64.Build.0 = Release|x64
		{BAE3F14B-4069-405D-8A1D-76320DB323C4}.Release|x64.Deploy.0 = Release|x64
		{BAE3F14B-4069-405D-8A1D-76320DB323C4}.Release|x86.ActiveCfg = Release|x86
		{BAE3F14B-4069-405D-8A1D-76320DB323C4}.Release|x86.Build.0 = Release|x86
		{BAE3F14B-4069-405D-8A1D-76320DB323C4}.Release|x86.Deploy.0 = Release|x86
		{7299517A-789F-47C9-BDA6-2C42C00B835F}.Debug|Any CPU.ActiveCfg = Debug|Any CPU
		{7299517A-789F-47C9-BDA6-2C42C00B835F}.Debug|Any CPU.Build.0 = Debug|Any CPU
		{7299517A-789F-47C9-BDA6-2C42C00B835F}.Debug|arm64.ActiveCfg = Debug|Any CPU
		{7299517A-789F-47C9-BDA6-2C42C00B835F}.Debug|arm64.Build.0 = Debug|Any CPU
		{7299517A-789F-47C9-BDA6-2C42C00B835F}.Debug|x64.ActiveCfg = Debug|Any CPU
		{7299517A-789F-47C9-BDA6-2C42C00B835F}.Debug|x64.Build.0 = Debug|Any CPU
		{7299517A-789F-47C9-BDA6-2C42C00B835F}.Debug|x86.ActiveCfg = Debug|Any CPU
		{7299517A-789F-47C9-BDA6-2C42C00B835F}.Release|Any CPU.ActiveCfg = Release|Any CPU
		{7299517A-789F-47C9-BDA6-2C42C00B835F}.Release|Any CPU.Build.0 = Release|Any CPU
		{7299517A-789F-47C9-BDA6-2C42C00B835F}.Release|arm64.ActiveCfg = Release|Any CPU
		{7299517A-789F-47C9-BDA6-2C42C00B835F}.Release|arm64.Build.0 = Release|Any CPU
		{7299517A-789F-47C9-BDA6-2C42C00B835F}.Release|x64.ActiveCfg = Release|Any CPU
		{7299517A-789F-47C9-BDA6-2C42C00B835F}.Release|x64.Build.0 = Release|Any CPU
		{7299517A-789F-47C9-BDA6-2C42C00B835F}.Release|x86.ActiveCfg = Release|Any CPU
		{7299517A-789F-47C9-BDA6-2C42C00B835F}.Release|x86.Build.0 = Release|Any CPU
		{9E7FCCD7-3378-4D31-9C98-C97CA2CB0D67}.Debug|Any CPU.ActiveCfg = Debug|Any CPU
		{9E7FCCD7-3378-4D31-9C98-C97CA2CB0D67}.Debug|Any CPU.Build.0 = Debug|Any CPU
		{9E7FCCD7-3378-4D31-9C98-C97CA2CB0D67}.Debug|arm64.ActiveCfg = Debug|Any CPU
		{9E7FCCD7-3378-4D31-9C98-C97CA2CB0D67}.Debug|arm64.Build.0 = Debug|Any CPU
		{9E7FCCD7-3378-4D31-9C98-C97CA2CB0D67}.Debug|x64.ActiveCfg = Debug|Any CPU
		{9E7FCCD7-3378-4D31-9C98-C97CA2CB0D67}.Debug|x64.Build.0 = Debug|Any CPU
		{9E7FCCD7-3378-4D31-9C98-C97CA2CB0D67}.Debug|x86.ActiveCfg = Debug|Any CPU
		{9E7FCCD7-3378-4D31-9C98-C97CA2CB0D67}.Release|Any CPU.ActiveCfg = Release|Any CPU
		{9E7FCCD7-3378-4D31-9C98-C97CA2CB0D67}.Release|Any CPU.Build.0 = Release|Any CPU
		{9E7FCCD7-3378-4D31-9C98-C97CA2CB0D67}.Release|arm64.ActiveCfg = Release|Any CPU
		{9E7FCCD7-3378-4D31-9C98-C97CA2CB0D67}.Release|arm64.Build.0 = Release|Any CPU
		{9E7FCCD7-3378-4D31-9C98-C97CA2CB0D67}.Release|x64.ActiveCfg = Release|Any CPU
		{9E7FCCD7-3378-4D31-9C98-C97CA2CB0D67}.Release|x64.Build.0 = Release|Any CPU
		{9E7FCCD7-3378-4D31-9C98-C97CA2CB0D67}.Release|x86.ActiveCfg = Release|Any CPU
		{9E7FCCD7-3378-4D31-9C98-C97CA2CB0D67}.Release|x86.Build.0 = Release|Any CPU
		{F5215267-25A3-40A9-B054-303A8927FF16}.Debug|Any CPU.ActiveCfg = Debug|Any CPU
		{F5215267-25A3-40A9-B054-303A8927FF16}.Debug|Any CPU.Build.0 = Debug|Any CPU
		{F5215267-25A3-40A9-B054-303A8927FF16}.Debug|arm64.ActiveCfg = Debug|Any CPU
		{F5215267-25A3-40A9-B054-303A8927FF16}.Debug|arm64.Build.0 = Debug|Any CPU
		{F5215267-25A3-40A9-B054-303A8927FF16}.Debug|x64.ActiveCfg = Debug|Any CPU
		{F5215267-25A3-40A9-B054-303A8927FF16}.Debug|x64.Build.0 = Debug|Any CPU
		{F5215267-25A3-40A9-B054-303A8927FF16}.Debug|x86.ActiveCfg = Debug|Any CPU
		{F5215267-25A3-40A9-B054-303A8927FF16}.Release|Any CPU.ActiveCfg = Release|Any CPU
		{F5215267-25A3-40A9-B054-303A8927FF16}.Release|Any CPU.Build.0 = Release|Any CPU
		{F5215267-25A3-40A9-B054-303A8927FF16}.Release|arm64.ActiveCfg = Release|Any CPU
		{F5215267-25A3-40A9-B054-303A8927FF16}.Release|arm64.Build.0 = Release|Any CPU
		{F5215267-25A3-40A9-B054-303A8927FF16}.Release|x64.ActiveCfg = Release|Any CPU
		{F5215267-25A3-40A9-B054-303A8927FF16}.Release|x64.Build.0 = Release|Any CPU
		{F5215267-25A3-40A9-B054-303A8927FF16}.Release|x86.ActiveCfg = Release|Any CPU
		{F5215267-25A3-40A9-B054-303A8927FF16}.Release|x86.Build.0 = Release|Any CPU
		{4B44093E-0E0F-4225-8A81-647DA39E7A8C}.Debug|Any CPU.ActiveCfg = Debug|Any CPU
		{4B44093E-0E0F-4225-8A81-647DA39E7A8C}.Debug|Any CPU.Build.0 = Debug|Any CPU
		{4B44093E-0E0F-4225-8A81-647DA39E7A8C}.Debug|arm64.ActiveCfg = Debug|Any CPU
		{4B44093E-0E0F-4225-8A81-647DA39E7A8C}.Debug|arm64.Build.0 = Debug|Any CPU
		{4B44093E-0E0F-4225-8A81-647DA39E7A8C}.Debug|x64.ActiveCfg = Debug|Any CPU
		{4B44093E-0E0F-4225-8A81-647DA39E7A8C}.Debug|x64.Build.0 = Debug|Any CPU
		{4B44093E-0E0F-4225-8A81-647DA39E7A8C}.Debug|x86.ActiveCfg = Debug|Any CPU
		{4B44093E-0E0F-4225-8A81-647DA39E7A8C}.Debug|x86.Build.0 = Debug|Any CPU
		{4B44093E-0E0F-4225-8A81-647DA39E7A8C}.Release|Any CPU.ActiveCfg = Release|Any CPU
		{4B44093E-0E0F-4225-8A81-647DA39E7A8C}.Release|Any CPU.Build.0 = Release|Any CPU
		{4B44093E-0E0F-4225-8A81-647DA39E7A8C}.Release|arm64.ActiveCfg = Release|Any CPU
		{4B44093E-0E0F-4225-8A81-647DA39E7A8C}.Release|arm64.Build.0 = Release|Any CPU
		{4B44093E-0E0F-4225-8A81-647DA39E7A8C}.Release|x64.ActiveCfg = Release|Any CPU
		{4B44093E-0E0F-4225-8A81-647DA39E7A8C}.Release|x64.Build.0 = Release|Any CPU
		{4B44093E-0E0F-4225-8A81-647DA39E7A8C}.Release|x86.ActiveCfg = Release|Any CPU
		{4B44093E-0E0F-4225-8A81-647DA39E7A8C}.Release|x86.Build.0 = Release|Any CPU
		{80EA1860-211F-418D-8156-71A7FDB2096C}.Debug|Any CPU.ActiveCfg = Debug|Any CPU
		{80EA1860-211F-418D-8156-71A7FDB2096C}.Debug|Any CPU.Build.0 = Debug|Any CPU
		{80EA1860-211F-418D-8156-71A7FDB2096C}.Debug|arm64.ActiveCfg = Debug|Any CPU
		{80EA1860-211F-418D-8156-71A7FDB2096C}.Debug|arm64.Build.0 = Debug|Any CPU
		{80EA1860-211F-418D-8156-71A7FDB2096C}.Debug|x64.ActiveCfg = Debug|x64
		{80EA1860-211F-418D-8156-71A7FDB2096C}.Debug|x64.Build.0 = Debug|x64
		{80EA1860-211F-418D-8156-71A7FDB2096C}.Debug|x86.ActiveCfg = Debug|x86
		{80EA1860-211F-418D-8156-71A7FDB2096C}.Debug|x86.Build.0 = Debug|x86
		{80EA1860-211F-418D-8156-71A7FDB2096C}.Release|Any CPU.ActiveCfg = Release|Any CPU
		{80EA1860-211F-418D-8156-71A7FDB2096C}.Release|Any CPU.Build.0 = Release|Any CPU
		{80EA1860-211F-418D-8156-71A7FDB2096C}.Release|arm64.ActiveCfg = Release|Any CPU
		{80EA1860-211F-418D-8156-71A7FDB2096C}.Release|arm64.Build.0 = Release|Any CPU
		{80EA1860-211F-418D-8156-71A7FDB2096C}.Release|x64.ActiveCfg = Release|Any CPU
		{80EA1860-211F-418D-8156-71A7FDB2096C}.Release|x64.Build.0 = Release|Any CPU
		{80EA1860-211F-418D-8156-71A7FDB2096C}.Release|x86.ActiveCfg = Release|Any CPU
		{80EA1860-211F-418D-8156-71A7FDB2096C}.Release|x86.Build.0 = Release|Any CPU
		{790D57CC-9ABD-469B-92E3-DB73DB385775}.Debug|Any CPU.ActiveCfg = Debug|Any CPU
		{790D57CC-9ABD-469B-92E3-DB73DB385775}.Debug|Any CPU.Build.0 = Debug|Any CPU
		{790D57CC-9ABD-469B-92E3-DB73DB385775}.Debug|arm64.ActiveCfg = Debug|Any CPU
		{790D57CC-9ABD-469B-92E3-DB73DB385775}.Debug|arm64.Build.0 = Debug|Any CPU
		{790D57CC-9ABD-469B-92E3-DB73DB385775}.Debug|x64.ActiveCfg = Debug|Any CPU
		{790D57CC-9ABD-469B-92E3-DB73DB385775}.Debug|x64.Build.0 = Debug|Any CPU
		{790D57CC-9ABD-469B-92E3-DB73DB385775}.Debug|x86.ActiveCfg = Debug|Any CPU
		{790D57CC-9ABD-469B-92E3-DB73DB385775}.Debug|x86.Build.0 = Debug|Any CPU
		{790D57CC-9ABD-469B-92E3-DB73DB385775}.Release|Any CPU.ActiveCfg = Release|Any CPU
		{790D57CC-9ABD-469B-92E3-DB73DB385775}.Release|Any CPU.Build.0 = Release|Any CPU
		{790D57CC-9ABD-469B-92E3-DB73DB385775}.Release|arm64.ActiveCfg = Release|Any CPU
		{790D57CC-9ABD-469B-92E3-DB73DB385775}.Release|arm64.Build.0 = Release|Any CPU
		{790D57CC-9ABD-469B-92E3-DB73DB385775}.Release|x64.ActiveCfg = Release|Any CPU
		{790D57CC-9ABD-469B-92E3-DB73DB385775}.Release|x64.Build.0 = Release|Any CPU
		{790D57CC-9ABD-469B-92E3-DB73DB385775}.Release|x86.ActiveCfg = Release|Any CPU
		{790D57CC-9ABD-469B-92E3-DB73DB385775}.Release|x86.Build.0 = Release|Any CPU
		{99530865-154E-46FC-A1DE-B78F2E6CAC5D}.Debug|Any CPU.ActiveCfg = Debug|Any CPU
		{99530865-154E-46FC-A1DE-B78F2E6CAC5D}.Debug|Any CPU.Build.0 = Debug|Any CPU
		{99530865-154E-46FC-A1DE-B78F2E6CAC5D}.Debug|arm64.ActiveCfg = Debug|Any CPU
		{99530865-154E-46FC-A1DE-B78F2E6CAC5D}.Debug|arm64.Build.0 = Debug|Any CPU
		{99530865-154E-46FC-A1DE-B78F2E6CAC5D}.Debug|x64.ActiveCfg = Debug|Any CPU
		{99530865-154E-46FC-A1DE-B78F2E6CAC5D}.Debug|x64.Build.0 = Debug|Any CPU
		{99530865-154E-46FC-A1DE-B78F2E6CAC5D}.Debug|x86.ActiveCfg = Debug|Any CPU
		{99530865-154E-46FC-A1DE-B78F2E6CAC5D}.Debug|x86.Build.0 = Debug|Any CPU
		{99530865-154E-46FC-A1DE-B78F2E6CAC5D}.Release|Any CPU.ActiveCfg = Release|Any CPU
		{99530865-154E-46FC-A1DE-B78F2E6CAC5D}.Release|Any CPU.Build.0 = Release|Any CPU
		{99530865-154E-46FC-A1DE-B78F2E6CAC5D}.Release|arm64.ActiveCfg = Release|Any CPU
		{99530865-154E-46FC-A1DE-B78F2E6CAC5D}.Release|arm64.Build.0 = Release|Any CPU
		{99530865-154E-46FC-A1DE-B78F2E6CAC5D}.Release|x64.ActiveCfg = Release|Any CPU
		{99530865-154E-46FC-A1DE-B78F2E6CAC5D}.Release|x64.Build.0 = Release|Any CPU
		{99530865-154E-46FC-A1DE-B78F2E6CAC5D}.Release|x86.ActiveCfg = Release|Any CPU
		{99530865-154E-46FC-A1DE-B78F2E6CAC5D}.Release|x86.Build.0 = Release|Any CPU
	EndGlobalSection
	GlobalSection(SolutionProperties) = preSolution
		HideSolutionNode = FALSE
	EndGlobalSection
	GlobalSection(NestedProjects) = preSolution
		{CBA9A4E5-F3E5-40E9-8C05-C018F3F5639E} = {7EC1D135-C55A-43F0-BEDF-52E1AE1738B7}
		{9D4E2423-E8F2-4645-B3C7-8C0853016E08} = {7EC1D135-C55A-43F0-BEDF-52E1AE1738B7}
		{6D91633D-2DC0-4840-BA57-8ED662BEF617} = {7EC1D135-C55A-43F0-BEDF-52E1AE1738B7}
		{59577C6B-0161-4ECF-BC41-5F5DA0D925D2} = {53B2203D-B411-49D7-A2F1-82F481C20F6A}
		{89D0E572-C7BD-420E-B3F9-DEC359A2AEB7} = {53B2203D-B411-49D7-A2F1-82F481C20F6A}
		{C285648C-F2C1-4F8A-B03E-F45D5D000622} = {9D4E2423-E8F2-4645-B3C7-8C0853016E08}
		{1C7E3465-49D1-4382-996C-173269C5320D} = {9D4E2423-E8F2-4645-B3C7-8C0853016E08}
		{BAE3F14B-4069-405D-8A1D-76320DB323C4} = {9D4E2423-E8F2-4645-B3C7-8C0853016E08}
		{7299517A-789F-47C9-BDA6-2C42C00B835F} = {9D4E2423-E8F2-4645-B3C7-8C0853016E08}
		{9E7FCCD7-3378-4D31-9C98-C97CA2CB0D67} = {9D4E2423-E8F2-4645-B3C7-8C0853016E08}
		{F5215267-25A3-40A9-B054-303A8927FF16} = {CBA9A4E5-F3E5-40E9-8C05-C018F3F5639E}
		{6195B717-F6EC-4ADC-8C01-99000799BAAC} = {7EC1D135-C55A-43F0-BEDF-52E1AE1738B7}
		{4B44093E-0E0F-4225-8A81-647DA39E7A8C} = {6195B717-F6EC-4ADC-8C01-99000799BAAC}
		{80EA1860-211F-418D-8156-71A7FDB2096C} = {6195B717-F6EC-4ADC-8C01-99000799BAAC}
		{790D57CC-9ABD-469B-92E3-DB73DB385775} = {6195B717-F6EC-4ADC-8C01-99000799BAAC}
		{99530865-154E-46FC-A1DE-B78F2E6CAC5D} = {6195B717-F6EC-4ADC-8C01-99000799BAAC}
	EndGlobalSection
	GlobalSection(ExtensibilityGlobals) = postSolution
		SolutionGuid = {195D10C8-5E38-4BFF-8BB0-7086B89ED31C}
	EndGlobalSection
EndGlobal
